
Microsoft Visual Studio Solution File, Format Version 12.00
# Visual Studio Version 16
VisualStudioVersion = 16.0.29403.142
MinimumVisualStudioVersion = 10.0.40219.1
Project("{9A19103F-16F7-4668-BE54-9A1E7A4F7556}") = "FoodStore", "FoodStore\FoodStore.csproj", "{7841172A-D9F5-48D0-A252-889FD303EDAE}"
EndProject
Project("{2150E333-8FDC-42A3-9474-1A3956D46DE8}") = ".circleci", ".circleci", "{50B4CD41-9F93-4BC9-B1CD-F8C19C74E217}"
	ProjectSection(SolutionItems) = preProject
		config.yml = config.yml
	EndProjectSection
EndProject
Project("{9A19103F-16F7-4668-BE54-9A1E7A4F7556}") = "FoodStore.Core", "FoodStore.Core\FoodStore.Core.csproj", "{33F5CECB-1A1F-4C35-9169-E0568DE86771}"
EndProject
Project("{9A19103F-16F7-4668-BE54-9A1E7A4F7556}") = "FoodStore.Domain", "FoodStore.Domain\FoodStore.Domain.csproj", "{E0134C2D-4AF1-4C41-B4AD-F06D9955568D}"
EndProject
Project("{9A19103F-16F7-4668-BE54-9A1E7A4F7556}") = "FoodStore.Domain.DataLayer", "FoodStore.Domain.DataLayer\FoodStore.Domain.DataLayer.csproj", "{81B52388-134C-483D-ADCD-43F9A4488631}"
EndProject
Project("{FAE04EC0-301F-11D3-BF4B-00C04F79EFBC}") = "FoodStore.API", "FoodStore.API\FoodStore.API.csproj", "{AA6D9EAA-EB88-4255-A0BB-A17FF8A04CFB}"
EndProject
Global
	GlobalSection(SolutionConfigurationPlatforms) = preSolution
		Debug|Any CPU = Debug|Any CPU
		Release|Any CPU = Release|Any CPU
	EndGlobalSection
	GlobalSection(ProjectConfigurationPlatforms) = postSolution
		{7841172A-D9F5-48D0-A252-889FD303EDAE}.Debug|Any CPU.ActiveCfg = Debug|Any CPU
		{7841172A-D9F5-48D0-A252-889FD303EDAE}.Debug|Any CPU.Build.0 = Debug|Any CPU
		{7841172A-D9F5-48D0-A252-889FD303EDAE}.Release|Any CPU.ActiveCfg = Release|Any CPU
		{7841172A-D9F5-48D0-A252-889FD303EDAE}.Release|Any CPU.Build.0 = Release|Any CPU
		{33F5CECB-1A1F-4C35-9169-E0568DE86771}.Debug|Any CPU.ActiveCfg = Debug|Any CPU
		{33F5CECB-1A1F-4C35-9169-E0568DE86771}.Debug|Any CPU.Build.0 = Debug|Any CPU
		{33F5CECB-1A1F-4C35-9169-E0568DE86771}.Release|Any CPU.ActiveCfg = Release|Any CPU
		{33F5CECB-1A1F-4C35-9169-E0568DE86771}.Release|Any CPU.Build.0 = Release|Any CPU
		{E0134C2D-4AF1-4C41-B4AD-F06D9955568D}.Debug|Any CPU.ActiveCfg = Debug|Any CPU
		{E0134C2D-4AF1-4C41-B4AD-F06D9955568D}.Debug|Any CPU.Build.0 = Debug|Any CPU
		{E0134C2D-4AF1-4C41-B4AD-F06D9955568D}.Release|Any CPU.ActiveCfg = Release|Any CPU
		{E0134C2D-4AF1-4C41-B4AD-F06D9955568D}.Release|Any CPU.Build.0 = Release|Any CPU
		{81B52388-134C-483D-ADCD-43F9A4488631}.Debug|Any CPU.ActiveCfg = Debug|Any CPU
		{81B52388-134C-483D-ADCD-43F9A4488631}.Debug|Any CPU.Build.0 = Debug|Any CPU
		{81B52388-134C-483D-ADCD-43F9A4488631}.Release|Any CPU.ActiveCfg = Release|Any CPU
		{81B52388-134C-483D-ADCD-43F9A4488631}.Release|Any CPU.Build.0 = Release|Any CPU
		{AA6D9EAA-EB88-4255-A0BB-A17FF8A04CFB}.Debug|Any CPU.ActiveCfg = Debug|Any CPU
		{AA6D9EAA-EB88-4255-A0BB-A17FF8A04CFB}.Debug|Any CPU.Build.0 = Debug|Any CPU
		{AA6D9EAA-EB88-4255-A0BB-A17FF8A04CFB}.Release|Any CPU.ActiveCfg = Release|Any CPU
		{AA6D9EAA-EB88-4255-A0BB-A17FF8A04CFB}.Release|Any CPU.Build.0 = Release|Any CPU
	EndGlobalSection
	GlobalSection(SolutionProperties) = preSolution
		HideSolutionNode = FALSE
	EndGlobalSection
	GlobalSection(ExtensibilityGlobals) = postSolution
		SolutionGuid = {1ECEC539-66E0-4789-8ABF-6708BF356886}
	EndGlobalSection
EndGlobal
